PODS:
  - EZSource (0.2.2):
    - SwiftyCollection
  - SwiftyCollection (1.0.2)

DEPENDENCIES:
  - EZSource (from `../`)

SPEC REPOS:
  https://github.com/cocoapods/specs.git:
    - SwiftyCollection

EXTERNAL SOURCES:
  EZSource:
    :path: "../"

SPEC CHECKSUMS:
  EZSource: 26f4b0af05b020fcc2e28264cc9e8117c922ad77
  SwiftyCollection: 1e356dbfae09279974a7a53ac7be86e20f52fcf8

PODFILE CHECKSUM: de1d2ffa3677c9ec60afe5510e611c72178345cb

COCOAPODS: 1.6.1
