PODS:
  - EZSource (0.2.3):
    - SwiftyCollection
  - SwiftyCollection (1.0.2)

DEPENDENCIES:
  - EZSource (from `../`)

SPEC REPOS:
  https://github.com/cocoapods/specs.git:
    - SwiftyCollection

EXTERNAL SOURCES:
  EZSource:
    :path: "../"

SPEC CHECKSUMS:
  EZSource: 496e23f5d5b6a7c79727a8f5d252d81e9f5e108c
  SwiftyCollection: 1e356dbfae09279974a7a53ac7be86e20f52fcf8

PODFILE CHECKSUM: de1d2ffa3677c9ec60afe5510e611c72178345cb

COCOAPODS: 1.6.1
